
Microsoft Visual Studio Solution File, Format Version 12.00
# Visual Studio Version 16
VisualStudioVersion = 16.0.28721.148
MinimumVisualStudioVersion = 10.0.40219.1
Project("{9A19103F-16F7-4668-BE54-9A1E7A4F7556}") = "Doppelganger.Image", "Doppelganger.Image\Doppelganger.Image.csproj", "{C15F6D90-0201-4E25-9C66-4A14CAD85055}"
EndProject
Project("{FAE04EC0-301F-11D3-BF4B-00C04F79EFBC}") = "Doppelganger.Image.Test", "Doppelganger.Image.Test\Doppelganger.Image.Test.csproj", "{F2172468-8068-4EC5-B11D-BD942AF540C1}"
EndProject
Project("{FAE04EC0-301F-11D3-BF4B-00C04F79EFBC}") = "Doppelganger.App", "Doppelganger.App\Doppelganger.App.csproj", "{F0FC1548-0BFF-4867-A621-E7A4721BB993}"
EndProject
Project("{9A19103F-16F7-4668-BE54-9A1E7A4F7556}") = "Doppelganger.Image.ML", "Doppelganger.Image.ML\Doppelganger.Image.ML.csproj", "{2CE03E3B-F269-417F-B259-1AC31A250204}"
EndProject
Project("{9A19103F-16F7-4668-BE54-9A1E7A4F7556}") = "Doppelganger.Image.PHash", "Doppelganger.Image.PHash\Doppelganger.Image.PHash.csproj", "{EEC7DCEF-429E-4A4E-87CE-2DFA20170D12}"
EndProject
Project("{9A19103F-16F7-4668-BE54-9A1E7A4F7556}") = "Doppelganger.Infrastructure.Serializer", "Doppelganger.Infrastructure.Serializer\Doppelganger.Infrastructure.Serializer.csproj", "{691DC29B-9F9F-485D-B755-4B09611C6CF8}"
EndProject
Project("{9A19103F-16F7-4668-BE54-9A1E7A4F7556}") = "Doppelganger.Infrastructure.Api", "Doppelganger.Infrastructure.Api\Doppelganger.Infrastructure.Api.csproj", "{885B2153-DEAF-4DEE-AF4C-81A18C16F586}"
EndProject
Project("{2150E333-8FDC-42A3-9474-1A3956D46DE8}") = "Tests", "Tests", "{59E8A749-7083-4C36-9CFE-14FE39E99DFE}"
EndProject
Project("{FAE04EC0-301F-11D3-BF4B-00C04F79EFBC}") = "Doppelganger.Infrastructure.Serializer.Tests", "Doppelganger.Infrastructure.Serializer.Tests\Doppelganger.Infrastructure.Serializer.Tests.csproj", "{166599B4-7A8C-433C-AD24-BD9DBA668B75}"
EndProject
Project("{9A19103F-16F7-4668-BE54-9A1E7A4F7556}") = "Doppelganger.Image.Api", "Doppelganger.Image.Api\Doppelganger.Image.Api.csproj", "{131F5212-14AC-4C50-A123-A5E5BD80E9BB}"
EndProject
Global
	GlobalSection(SolutionConfigurationPlatforms) = preSolution
		Debug|Any CPU = Debug|Any CPU
		Release|Any CPU = Release|Any CPU
	EndGlobalSection
	GlobalSection(ProjectConfigurationPlatforms) = postSolution
		{C15F6D90-0201-4E25-9C66-4A14CAD85055}.Debug|Any CPU.ActiveCfg = Debug|Any CPU
		{C15F6D90-0201-4E25-9C66-4A14CAD85055}.Debug|Any CPU.Build.0 = Debug|Any CPU
		{C15F6D90-0201-4E25-9C66-4A14CAD85055}.Release|Any CPU.ActiveCfg = Release|Any CPU
		{C15F6D90-0201-4E25-9C66-4A14CAD85055}.Release|Any CPU.Build.0 = Release|Any CPU
		{F2172468-8068-4EC5-B11D-BD942AF540C1}.Debug|Any CPU.ActiveCfg = Debug|Any CPU
		{F2172468-8068-4EC5-B11D-BD942AF540C1}.Debug|Any CPU.Build.0 = Debug|Any CPU
		{F2172468-8068-4EC5-B11D-BD942AF540C1}.Release|Any CPU.ActiveCfg = Release|Any CPU
		{F2172468-8068-4EC5-B11D-BD942AF540C1}.Release|Any CPU.Build.0 = Release|Any CPU
		{F0FC1548-0BFF-4867-A621-E7A4721BB993}.Debug|Any CPU.ActiveCfg = Debug|Any CPU
		{F0FC1548-0BFF-4867-A621-E7A4721BB993}.Debug|Any CPU.Build.0 = Debug|Any CPU
		{F0FC1548-0BFF-4867-A621-E7A4721BB993}.Release|Any CPU.ActiveCfg = Release|Any CPU
		{F0FC1548-0BFF-4867-A621-E7A4721BB993}.Release|Any CPU.Build.0 = Release|Any CPU
		{2CE03E3B-F269-417F-B259-1AC31A250204}.Debug|Any CPU.ActiveCfg = Debug|Any CPU
		{2CE03E3B-F269-417F-B259-1AC31A250204}.Debug|Any CPU.Build.0 = Debug|Any CPU
		{2CE03E3B-F269-417F-B259-1AC31A250204}.Release|Any CPU.ActiveCfg = Release|Any CPU
		{2CE03E3B-F269-417F-B259-1AC31A250204}.Release|Any CPU.Build.0 = Release|Any CPU
		{EEC7DCEF-429E-4A4E-87CE-2DFA20170D12}.Debug|Any CPU.ActiveCfg = Debug|Any CPU
		{EEC7DCEF-429E-4A4E-87CE-2DFA20170D12}.Debug|Any CPU.Build.0 = Debug|Any CPU
		{EEC7DCEF-429E-4A4E-87CE-2DFA20170D12}.Release|Any CPU.ActiveCfg = Release|Any CPU
		{EEC7DCEF-429E-4A4E-87CE-2DFA20170D12}.Release|Any CPU.Build.0 = Release|Any CPU
		{691DC29B-9F9F-485D-B755-4B09611C6CF8}.Debug|Any CPU.ActiveCfg = Debug|Any CPU
		{691DC29B-9F9F-485D-B755-4B09611C6CF8}.Debug|Any CPU.Build.0 = Debug|Any CPU
		{691DC29B-9F9F-485D-B755-4B09611C6CF8}.Release|Any CPU.ActiveCfg = Release|Any CPU
		{691DC29B-9F9F-485D-B755-4B09611C6CF8}.Release|Any CPU.Build.0 = Release|Any CPU
		{885B2153-DEAF-4DEE-AF4C-81A18C16F586}.Debug|Any CPU.ActiveCfg = Debug|Any CPU
		{885B2153-DEAF-4DEE-AF4C-81A18C16F586}.Debug|Any CPU.Build.0 = Debug|Any CPU
		{885B2153-DEAF-4DEE-AF4C-81A18C16F586}.Release|Any CPU.ActiveCfg = Release|Any CPU
		{885B2153-DEAF-4DEE-AF4C-81A18C16F586}.Release|Any CPU.Build.0 = Release|Any CPU
		{166599B4-7A8C-433C-AD24-BD9DBA668B75}.Debug|Any CPU.ActiveCfg = Debug|Any CPU
		{166599B4-7A8C-433C-AD24-BD9DBA668B75}.Debug|Any CPU.Build.0 = Debug|Any CPU
		{166599B4-7A8C-433C-AD24-BD9DBA668B75}.Release|Any CPU.ActiveCfg = Release|Any CPU
		{166599B4-7A8C-433C-AD24-BD9DBA668B75}.Release|Any CPU.Build.0 = Release|Any CPU
		{131F5212-14AC-4C50-A123-A5E5BD80E9BB}.Debug|Any CPU.ActiveCfg = Debug|Any CPU
		{131F5212-14AC-4C50-A123-A5E5BD80E9BB}.Debug|Any CPU.Build.0 = Debug|Any CPU
		{131F5212-14AC-4C50-A123-A5E5BD80E9BB}.Release|Any CPU.ActiveCfg = Release|Any CPU
		{131F5212-14AC-4C50-A123-A5E5BD80E9BB}.Release|Any CPU.Build.0 = Release|Any CPU
	EndGlobalSection
	GlobalSection(SolutionProperties) = preSolution
		HideSolutionNode = FALSE
	EndGlobalSection
	GlobalSection(NestedProjects) = preSolution
		{F2172468-8068-4EC5-B11D-BD942AF540C1} = {59E8A749-7083-4C36-9CFE-14FE39E99DFE}
		{166599B4-7A8C-433C-AD24-BD9DBA668B75} = {59E8A749-7083-4C36-9CFE-14FE39E99DFE}
	EndGlobalSection
	GlobalSection(ExtensibilityGlobals) = postSolution
		SolutionGuid = {4DBCDAF0-A90B-4D2F-8CD8-6FB632E8B65A}
	EndGlobalSection
EndGlobal
