
Microsoft Visual Studio Solution File, Format Version 12.00
# Visual Studio Version 16
VisualStudioVersion = 16.0.28721.148
MinimumVisualStudioVersion = 10.0.40219.1
Project("{FAE04EC0-301F-11D3-BF4B-00C04F79EFBC}") = "Doppelganger.Image", "Doppelganger.Image\Doppelganger.Image.csproj", "{C15F6D90-0201-4E25-9C66-4A14CAD85055}"
EndProject
Project("{FAE04EC0-301F-11D3-BF4B-00C04F79EFBC}") = "Doppelganger.Image.Test", "Doppelganger.Image.Test\Doppelganger.Image.Test.csproj", "{F2172468-8068-4EC5-B11D-BD942AF540C1}"
EndProject
Global
	GlobalSection(SolutionConfigurationPlatforms) = preSolution
		Debug|Any CPU = Debug|Any CPU
		Release|Any CPU = Release|Any CPU
	EndGlobalSection
	GlobalSection(ProjectConfigurationPlatforms) = postSolution
		{C15F6D90-0201-4E25-9C66-4A14CAD85055}.Debug|Any CPU.ActiveCfg = Debug|Any CPU
		{C15F6D90-0201-4E25-9C66-4A14CAD85055}.Debug|Any CPU.Build.0 = Debug|Any CPU
		{C15F6D90-0201-4E25-9C66-4A14CAD85055}.Release|Any CPU.ActiveCfg = Release|Any CPU
		{C15F6D90-0201-4E25-9C66-4A14CAD85055}.Release|Any CPU.Build.0 = Release|Any CPU
		{F2172468-8068-4EC5-B11D-BD942AF540C1}.Debug|Any CPU.ActiveCfg = Debug|Any CPU
		{F2172468-8068-4EC5-B11D-BD942AF540C1}.Debug|Any CPU.Build.0 = Debug|Any CPU
		{F2172468-8068-4EC5-B11D-BD942AF540C1}.Release|Any CPU.ActiveCfg = Release|Any CPU
		{F2172468-8068-4EC5-B11D-BD942AF540C1}.Release|Any CPU.Build.0 = Release|Any CPU
	EndGlobalSection
	GlobalSection(SolutionProperties) = preSolution
		HideSolutionNode = FALSE
	EndGlobalSection
	GlobalSection(ExtensibilityGlobals) = postSolution
		SolutionGuid = {4DBCDAF0-A90B-4D2F-8CD8-6FB632E8B65A}
	EndGlobalSection
EndGlobal
